
Microsoft Visual Studio Solution File, Format Version 12.00
# Visual Studio Version 16
VisualStudioVersion = 16.0.810.21
MinimumVisualStudioVersion = 10.0.40219.1
Project("{FAE04EC0-301F-11D3-BF4B-00C04F79EFBC}") = "dataTypesClass", "dataTypesClass\dataTypesClass.csproj", "{642315B4-1DAA-43C3-9897-5A5FF231A75A}"
EndProject
Global
	GlobalSection(SolutionConfigurationPlatforms) = preSolution
		Debug|Any CPU = Debug|Any CPU
		Release|Any CPU = Release|Any CPU
	EndGlobalSection
	GlobalSection(ProjectConfigurationPlatforms) = postSolution
		{642315B4-1DAA-43C3-9897-5A5FF231A75A}.Debug|Any CPU.ActiveCfg = Debug|Any CPU
		{642315B4-1DAA-43C3-9897-5A5FF231A75A}.Debug|Any CPU.Build.0 = Debug|Any CPU
		{642315B4-1DAA-43C3-9897-5A5FF231A75A}.Release|Any CPU.ActiveCfg = Release|Any CPU
		{642315B4-1DAA-43C3-9897-5A5FF231A75A}.Release|Any CPU.Build.0 = Release|Any CPU
	EndGlobalSection
	GlobalSection(SolutionProperties) = preSolution
		HideSolutionNode = FALSE
	EndGlobalSection
	GlobalSection(ExtensibilityGlobals) = postSolution
		SolutionGuid = {EC501CDB-5C06-4901-A1D0-69C69BEFF622}
	EndGlobalSection
EndGlobal
